// !$*UTF8*$!
{
	archiveVersion = 1;
	classes = {
	};
	objectVersion = 46;
	objects = {

/* Begin PBXBuildFile section */
		6EDEE7EE1EA73E8400F6B57A /* main.m in Sources */ = {isa = PBXBuildFile; fileRef = 6EDEE7ED1EA73E8400F6B57A /* main.m */; };
		6EDEE7F11EA73E8400F6B57A /* AppDelegate.m in Sources */ = {isa = PBXBuildFile; fileRef = 6EDEE7F01EA73E8400F6B57A /* AppDelegate.m */; };
		6EDEE7F41EA73E8400F6B57A /* ViewController.m in Sources */ = {isa = PBXBuildFile; fileRef = 6EDEE7F31EA73E8400F6B57A /* ViewController.m */; };
		6EDEE7F71EA73E8400F6B57A /* Main.storyboard in Resources */ = {isa = PBXBuildFile; fileRef = 6EDEE7F51EA73E8400F6B57A /* Main.storyboard */; };
		6EDEE7FA1EA73E8400F6B57A /* buttonDemo.xcdatamodeld in Sources */ = {isa = PBXBuildFile; fileRef = 6EDEE7F81EA73E8400F6B57A /* buttonDemo.xcdatamodeld */; };
		6EDEE7FC1EA73E8400F6B57A /* Assets.xcassets in Resources */ = {isa = PBXBuildFile; fileRef = 6EDEE7FB1EA73E8400F6B57A /* Assets.xcassets */; };
		6EDEE7FF1EA73E8400F6B57A /* LaunchScreen.storyboard in Resources */ = {isa = PBXBuildFile; fileRef = 6EDEE7FD1EA73E8400F6B57A /* LaunchScreen.storyboard */; };
/* End PBXBuildFile section */

/* Begin PBXFileReference section */
		6EDEE7E91EA73E8400F6B57A /* buttonDemo.app */ = {isa = PBXFileReference; explicitFileType = wrapper.application; includeInIndex = 0; path = buttonDemo.app; sourceTree = BUILT_PRODUCTS_DIR; };
		6EDEE7ED1EA73E8400F6B57A /* main.m */ = {isa = PBXFileReference; lastKnownFileType = sourcecode.c.objc; path = main.m; sourceTree = "<group>"; };
		6EDEE7EF1EA73E8400F6B57A /* AppDelegate.h */ = {isa = PBXFileReference; lastKnownFileType = sourcecode.c.h; path = AppDelegate.h; sourceTree = "<group>"; };
		6EDEE7F01EA73E8400F6B57A /* AppDelegate.m */ = {isa = PBXFileReference; lastKnownFileType = sourcecode.c.objc; path = AppDelegate.m; sourceTree = "<group>"; };
		6EDEE7F21EA73E8400F6B57A /* ViewController.h */ = {isa = PBXFileReference; lastKnownFileType = sourcecode.c.h; path = ViewController.h; sourceTree = "<group>"; };
		6EDEE7F31EA73E8400F6B57A /* ViewController.m */ = {isa = PBXFileReference; lastKnownFileType = sourcecode.c.objc; path = ViewController.m; sourceTree = "<group>"; };
		6EDEE7F61EA73E8400F6B57A /* Base */ = {isa = PBXFileReference; lastKnownFileType = file.storyboard; name = Base; path = Base.lproj/Main.storyboard; sourceTree = "<group>"; };
		6EDEE7F91EA73E8400F6B57A /* buttonDemo.xcdatamodel */ = {isa = PBXFileReference; lastKnownFileType = wrapper.xcdatamodel; path = buttonDemo.xcdatamodel; sourceTree = "<group>"; };
		6EDEE7FB1EA73E8400F6B57A /* Assets.xcassets */ = {isa = PBXFileReference; lastKnownFileType = folder.assetcatalog; path = Assets.xcassets; sourceTree = "<group>"; };
		6EDEE7FE1EA73E8400F6B57A /* Base */ = {isa = PBXFileReference; lastKnownFileType = file.storyboard; name = Base; path = Base.lproj/LaunchScreen.storyboard; sourceTree = "<group>"; };
		6EDEE8001EA73E8400F6B57A /* Info.plist */ = {isa = PBXFileReference; lastKnownFileType = text.plist.xml; path = Info.plist; sourceTree = "<group>"; };
/* End PBXFileReference section */

/* Begin PBXFrameworksBuildPhase section */
		6EDEE7E61EA73E8400F6B57A /* Frameworks */ = {
			isa = PBXFrameworksBuildPhase;
			buildActionMask = 2147483647;
			files = (
			);
			runOnlyForDeploymentPostprocessing = 0;
		};
/* End PBXFrameworksBuildPhase section */

/* Begin PBXGroup section */
		6EDEE7E01EA73E8400F6B57A = {
			isa = PBXGroup;
			children = (
				6EDEE7EB1EA73E8400F6B57A /* buttonDemo */,
				6EDEE7EA1EA73E8400F6B57A /* Products */,
			);
			sourceTree = "<group>";
		};
		6EDEE7EA1EA73E8400F6B57A /* Products */ = {
			isa = PBXGroup;
			children = (
				6EDEE7E91EA73E8400F6B57A /* buttonDemo.app */,
			);
			name = Products;
			sourceTree = "<group>";
		};
		6EDEE7EB1EA73E8400F6B57A /* buttonDemo */ = {
			isa = PBXGroup;
			children = (
				6EDEE7EF1EA73E8400F6B57A /* AppDelegate.h */,
				6EDEE7F01EA73E8400F6B57A /* AppDelegate.m */,
				6EDEE7F21EA73E8400F6B57A /* ViewController.h */,
				6EDEE7F31EA73E8400F6B57A /* ViewController.m */,
				6EDEE7F51EA73E8400F6B57A /* Main.storyboard */,
				6EDEE7FB1EA73E8400F6B57A /* Assets.xcassets */,
				6EDEE7FD1EA73E8400F6B57A /* LaunchScreen.storyboard */,
				6EDEE8001EA73E8400F6B57A /* Info.plist */,
				6EDEE7F81EA73E8400F6B57A /* buttonDemo.xcdatamodeld */,
				6EDEE7EC1EA73E8400F6B57A /* Supporting Files */,
			);
			path = buttonDemo;
			sourceTree = "<group>";
		};
		6EDEE7EC1EA73E8400F6B57A /* Supporting Files */ = {
			isa = PBXGroup;
			children = (
				6EDEE7ED1EA73E8400F6B57A /* main.m */,
			);
			name = "Supporting Files";
			sourceTree = "<group>";
		};
/* End PBXGroup section */

/* Begin PBXNativeTarget section */
		6EDEE7E81EA73E8400F6B57A /* buttonDemo */ = {
			isa = PBXNativeTarget;
			buildConfigurationList = 6EDEE8031EA73E8400F6B57A /* Build configuration list for PBXNativeTarget "buttonDemo" */;
			buildPhases = (
				6EDEE7E51EA73E8400F6B57A /* Sources */,
				6EDEE7E61EA73E8400F6B57A /* Frameworks */,
				6EDEE7E71EA73E8400F6B57A /* Resources */,
			);
			buildRules = (
			);
			dependencies = (
			);
			name = buttonDemo;
			productName = buttonDemo;
			productReference = 6EDEE7E91EA73E8400F6B57A /* buttonDemo.app */;
			productType = "com.apple.product-type.application";
		};
/* End PBXNativeTarget section */

/* Begin PBXProject section */
		6EDEE7E11EA73E8400F6B57A /* Project object */ = {
			isa = PBXProject;
			attributes = {
				LastUpgradeCheck = 0830;
				ORGANIZATIONNAME = "Invisionhealth Digital Inc.";
				TargetAttributes = {
					6EDEE7E81EA73E8400F6B57A = {
						CreatedOnToolsVersion = 8.3;
						DevelopmentTeam = 8G5LBS7QP6;
						ProvisioningStyle = Automatic;
					};
				};
			};
			buildConfigurationList = 6EDEE7E41EA73E8400F6B57A /* Build configuration list for PBXProject "buttonDemo" */;
			compatibilityVersion = "Xcode 3.2";
			developmentRegion = English;
			hasScannedForEncodings = 0;
			knownRegions = (
				en,
				Base,
			);
			mainGroup = 6EDEE7E01EA73E8400F6B57A;
			productRefGroup = 6EDEE7EA1EA73E8400F6B57A /* Products */;
			projectDirPath = "";
			projectRoot = "";
			targets = (
				6EDEE7E81EA73E8400F6B57A /* buttonDemo */,
			);
		};
/* End PBXProject section */

/* Begin PBXResourcesBuildPhase section */
		6EDEE7E71EA73E8400F6B57A /* Resources */ = {
			isa = PBXResourcesBuildPhase;
			buildActionMask = 2147483647;
			files = (
				6EDEE7FF1EA73E8400F6B57A /* LaunchScreen.storyboard in Resources */,
				6EDEE7FC1EA73E8400F6B57A /* Assets.xcassets in Resources */,
				6EDEE7F71EA73E8400F6B57A /* Main.storyboard in Resources */,
			);
			runOnlyForDeploymentPostprocessing = 0;
		};
/* End PBXResourcesBuildPhase section */

/* Begin PBXSourcesBuildPhase section */
		6EDEE7E51EA73E8400F6B57A /* Sources */ = {
			isa = PBXSourcesBuildPhase;
			buildActionMask = 2147483647;
			files = (
				6EDEE7FA1EA73E8400F6B57A /* buttonDemo.xcdatamodeld in Sources */,
				6EDEE7F41EA73E8400F6B57A /* ViewController.m in Sources */,
				6EDEE7F11EA73E8400F6B57A /* AppDelegate.m in Sources */,
				6EDEE7EE1EA73E8400F6B57A /* main.m in Sources */,
			);
			runOnlyForDeploymentPostprocessing = 0;
		};
/* End PBXSourcesBuildPhase section */

/* Begin PBXVariantGroup section */
		6EDEE7F51EA73E8400F6B57A /* Main.storyboard */ = {
			isa = PBXVariantGroup;
			children = (
				6EDEE7F61EA73E8400F6B57A /* Base */,
			);
			name = Main.storyboard;
			sourceTree = "<group>";
		};
		6EDEE7FD1EA73E8400F6B57A /* LaunchScreen.storyboard */ = {
			isa = PBXVariantGroup;
			children = (
				6EDEE7FE1EA73E8400F6B57A /* Base */,
			);
			name = LaunchScreen.storyboard;
			sourceTree = "<group>";
		};
/* End PBXVariantGroup section */

/* Begin XCBuildConfiguration section */
		6EDEE8011EA73E8400F6B57A /* Debug */ = {
			isa = XCBuildConfiguration;
			buildSettings = {
				ALWAYS_SEARCH_USER_PATHS = NO;
				CLANG_ANALYZER_NONNULL = YES;
				CLANG_ANALYZER_NUMBER_OBJECT_CONVERSION = YES_AGGRESSIVE;
				CLANG_CXX_LANGUAGE_STANDARD = "gnu++0x";
				CLANG_CXX_LIBRARY = "libc++";
				CLANG_ENABLE_MODULES = YES;
				CLANG_ENABLE_OBJC_ARC = YES;
				CLANG_WARN_BOOL_CONVERSION = YES;
				CLANG_WARN_CONSTANT_CONVERSION = YES;
				CLANG_WARN_DIRECT_OBJC_ISA_USAGE = YES_ERROR;
				CLANG_WARN_DOCUMENTATION_COMMENTS = YES;
				CLANG_WARN_EMPTY_BODY = YES;
				CLANG_WARN_ENUM_CONVERSION = YES;
				CLANG_WARN_INFINITE_RECURSION = YES;
				CLANG_WARN_INT_CONVERSION = YES;
				CLANG_WARN_OBJC_ROOT_CLASS = YES_ERROR;
				CLANG_WARN_SUSPICIOUS_MOVE = YES;
				CLANG_WARN_UNREACHABLE_CODE = YES;
				CLANG_WARN__DUPLICATE_METHOD_MATCH = YES;
				"CODE_SIGN_IDENTITY[sdk=iphoneos*]" = "iPhone Developer";
				COPY_PHASE_STRIP = NO;
				DEBUG_INFORMATION_FORMAT = dwarf;
				ENABLE_STRICT_OBJC_MSGSEND = YES;
				ENABLE_TESTABILITY = YES;
				GCC_C_LANGUAGE_STANDARD = gnu99;
				GCC_DYNAMIC_NO_PIC = NO;
				GCC_NO_COMMON_BLOCKS = YES;
				GCC_OPTIMIZATION_LEVEL = 0;
				GCC_PREPROCESSOR_DEFINITIONS = (
					"DEBUG=1",
					"$(inherited)",
				);
				GCC_WARN_64_TO_32_BIT_CONVERSION = YES;
				GCC_WARN_ABOUT_RETURN_TYPE = YES_ERROR;
				GCC_WARN_UNDECLARED_SELECTOR = YES;
				GCC_WARN_UNINITIALIZED_AUTOS = YES_AGGRESSIVE;
				GCC_WARN_UNUSED_FUNCTION = YES;
				GCC_WARN_UNUSED_VARIABLE = YES;
				IPHONEOS_DEPLOYMENT_TARGET = 10.3;
				MTL_ENABLE_DEBUG_INFO = YES;
				ONLY_ACTIVE_ARCH = YES;
				SDKROOT = iphoneos;
				TARGETED_DEVICE_FAMILY = "1,2";
			};
			name = Debug;
		};
		6EDEE8021EA73E8400F6B57A /* Release */ = {
			isa = XCBuildConfiguration;
			buildSettings = {
				ALWAYS_SEARCH_USER_PATHS = NO;
				CLANG_ANALYZER_NONNULL = YES;
				CLANG_ANALYZER_NUMBER_OBJECT_CONVERSION = YES_AGGRESSIVE;
				CLANG_CXX_LANGUAGE_STANDARD = "gnu++0x";
				CLANG_CXX_LIBRARY = "libc++";
				CLANG_ENABLE_MODULES = YES;
				CLANG_ENABLE_OBJC_ARC = YES;
				CLANG_WARN_BOOL_CONVERSION = YES;
				CLANG_WARN_CONSTANT_CONVERSION = YES;
				CLANG_WARN_DIRECT_OBJC_ISA_USAGE = YES_ERROR;
				CLANG_WARN_DOCUMENTATION_COMMENTS = YES;
				CLANG_WARN_EMPTY_BODY = YES;
				CLANG_WARN_ENUM_CONVERSION = YES;
				CLANG_WARN_INFINITE_RECURSION = YES;
				CLANG_WARN_INT_CONVERSION = YES;
				CLANG_WARN_OBJC_ROOT_CLASS = YES_ERROR;
				CLANG_WARN_SUSPICIOUS_MOVE = YES;
				CLANG_WARN_UNREACHABLE_CODE = YES;
				CLANG_WARN__DUPLICATE_METHOD_MATCH = YES;
				"CODE_SIGN_IDENTITY[sdk=iphoneos*]" = "iPhone Developer";
				COPY_PHASE_STRIP = NO;
				DEBUG_INFORMATION_FORMAT = "dwarf-with-dsym";
				ENABLE_NS_ASSERTIONS = NO;
				ENABLE_STRICT_OBJC_MSGSEND = YES;
				GCC_C_LANGUAGE_STANDARD = gnu99;
				GCC_NO_COMMON_BLOCKS = YES;
				GCC_WARN_64_TO_32_BIT_CONVERSION = YES;
				GCC_WARN_ABOUT_RETURN_TYPE = YES_ERROR;
				GCC_WARN_UNDECLARED_SELECTOR = YES;
				GCC_WARN_UNINITIALIZED_AUTOS = YES_AGGRESSIVE;
				GCC_WARN_UNUSED_FUNCTION = YES;
				GCC_WARN_UNUSED_VARIABLE = YES;
				IPHONEOS_DEPLOYMENT_TARGET = 10.3;
				MTL_ENABLE_DEBUG_INFO = NO;
				SDKROOT = iphoneos;
				TARGETED_DEVICE_FAMILY = "1,2";
				VALIDATE_PRODUCT = YES;
			};
			name = Release;
		};
		6EDEE8041EA73E8400F6B57A /* Debug */ = {
			isa = XCBuildConfiguration;
			buildSettings = {
				ASSETCATALOG_COMPILER_APPICON_NAME = AppIcon;
				DEVELOPMENT_TEAM = 8G5LBS7QP6;
				INFOPLIST_FILE = buttonDemo/Info.plist;
				LD_RUNPATH_SEARCH_PATHS = "$(inherited) @executable_path/Frameworks";
				PRODUCT_BUNDLE_IDENTIFIER = com.invisionhealth.buttonDemo;
				PRODUCT_NAME = "$(TARGET_NAME)";
			};
			name = Debug;
		};
		6EDEE8051EA73E8400F6B57A /* Release */ = {
			isa = XCBuildConfiguration;
			buildSettings = {
				ASSETCATALOG_COMPILER_APPICON_NAME = AppIcon;
				DEVELOPMENT_TEAM = 8G5LBS7QP6;
				INFOPLIST_FILE = buttonDemo/Info.plist;
				LD_RUNPATH_SEARCH_PATHS = "$(inherited) @executable_path/Frameworks";
				PRODUCT_BUNDLE_IDENTIFIER = com.invisionhealth.buttonDemo;
				PRODUCT_NAME = "$(TARGET_NAME)";
			};
			name = Release;
		};
/* End XCBuildConfiguration section */

/* Begin XCConfigurationList section */
		6EDEE7E41EA73E8400F6B57A /* Build configuration list for PBXProject "buttonDemo" */ = {
			isa = XCConfigurationList;
			buildConfigurations = (
				6EDEE8011EA73E8400F6B57A /* Debug */,
				6EDEE8021EA73E8400F6B57A /* Release */,
			);
			defaultConfigurationIsVisible = 0;
			defaultConfigurationName = Release;
		};
		6EDEE8031EA73E8400F6B57A /* Build configuration list for PBXNativeTarget "buttonDemo" */ = {
			isa = XCConfigurationList;
			buildConfigurations = (
				6EDEE8041EA73E8400F6B57A /* Debug */,
				6EDEE8051EA73E8400F6B57A /* Release */,
			);
			defaultConfigurationIsVisible = 0;
		};
/* End XCConfigurationList section */

/* Begin XCVersionGroup section */
		6EDEE7F81EA73E8400F6B57A /* buttonDemo.xcdatamodeld */ = {
			isa = XCVersionGroup;
			children = (
				6EDEE7F91EA73E8400F6B57A /* buttonDemo.xcdatamodel */,
			);
			currentVersion = 6EDEE7F91EA73E8400F6B57A /* buttonDemo.xcdatamodel */;
			path = buttonDemo.xcdatamodeld;
			sourceTree = "<group>";
			versionGroupType = wrapper.xcdatamodel;
		};
/* End XCVersionGroup section */
	};
	rootObject = 6EDEE7E11EA73E8400F6B57A /* Project object */;
}
